<Solution>
  <Project Path="StoreOnline.Api/StoreOnline.Api.csproj" />
  <Project Path="StoreOnline.Application/StoreOnline.Application.csproj" />
  <Project Path="StoreOnline.Domain/StoreOnline.Domain.csproj" />
  <Project Path="StoreOnline.Infrastructure/StoreOnline.Infrastructure.csproj" />
  <Project Path="StoreOnline.Tests/StoreOnline.Tests.csproj" />
</Solution>
